// !$*UTF8*$!
{
	archiveVersion = 1;
	classes = {
	};
	objectVersion = 56;
	objects = {

/* Begin PBXBuildFile section */
		F0B1BA0B29E81FFA00AE2C70 /* AppDelegate.swift in Sources */ = {isa = PBXBuildFile; fileRef = F0B1BA0A29E81FFA00AE2C70 /* AppDelegate.swift */; };
		F0B1BA0D29E81FFA00AE2C70 /* SceneDelegate.swift in Sources */ = {isa = PBXBuildFile; fileRef = F0B1BA0C29E81FFA00AE2C70 /* SceneDelegate.swift */; };
		F0B1BA0F29E81FFA00AE2C70 /* ViewController.swift in Sources */ = {isa = PBXBuildFile; fileRef = F0B1BA0E29E81FFA00AE2C70 /* ViewController.swift */; };
		F0B1BA1429E81FFB00AE2C70 /* Assets.xcassets in Resources */ = {isa = PBXBuildFile; fileRef = F0B1BA1329E81FFB00AE2C70 /* Assets.xcassets */; };
		F0B1BA1729E81FFB00AE2C70 /* LaunchScreen.storyboard in Resources */ = {isa = PBXBuildFile; fileRef = F0B1BA1529E81FFB00AE2C70 /* LaunchScreen.storyboard */; };
		F0B1BA1F29E83EB900AE2C70 /* PetitionModel.swift in Sources */ = {isa = PBXBuildFile; fileRef = F0B1BA1E29E83EB800AE2C70 /* PetitionModel.swift */; };
		F0B1BA2129E8405100AE2C70 /* Petitions.swift in Sources */ = {isa = PBXBuildFile; fileRef = F0B1BA2029E8405100AE2C70 /* Petitions.swift */; };
		F0B1BA2329E8483E00AE2C70 /* CustomTableViewCell.swift in Sources */ = {isa = PBXBuildFile; fileRef = F0B1BA2229E8483E00AE2C70 /* CustomTableViewCell.swift */; };
		F0B1BA2529E859DA00AE2C70 /* DetailViewController.swift in Sources */ = {isa = PBXBuildFile; fileRef = F0B1BA2429E859DA00AE2C70 /* DetailViewController.swift */; };
/* End PBXBuildFile section */

/* Begin PBXFileReference section */
		F0B1BA0729E81FFA00AE2C70 /* Project-07.app */ = {isa = PBXFileReference; explicitFileType = wrapper.application; includeInIndex = 0; path = "Project-07.app"; sourceTree = BUILT_PRODUCTS_DIR; };
		F0B1BA0A29E81FFA00AE2C70 /* AppDelegate.swift */ = {isa = PBXFileReference; lastKnownFileType = sourcecode.swift; path = AppDelegate.swift; sourceTree = "<group>"; };
		F0B1BA0C29E81FFA00AE2C70 /* SceneDelegate.swift */ = {isa = PBXFileReference; lastKnownFileType = sourcecode.swift; path = SceneDelegate.swift; sourceTree = "<group>"; };
		F0B1BA0E29E81FFA00AE2C70 /* ViewController.swift */ = {isa = PBXFileReference; lastKnownFileType = sourcecode.swift; path = ViewController.swift; sourceTree = "<group>"; };
		F0B1BA1329E81FFB00AE2C70 /* Assets.xcassets */ = {isa = PBXFileReference; lastKnownFileType = folder.assetcatalog; path = Assets.xcassets; sourceTree = "<group>"; };
		F0B1BA1629E81FFB00AE2C70 /* Base */ = {isa = PBXFileReference; lastKnownFileType = file.storyboard; name = Base; path = Base.lproj/LaunchScreen.storyboard; sourceTree = "<group>"; };
		F0B1BA1829E81FFB00AE2C70 /* Info.plist */ = {isa = PBXFileReference; lastKnownFileType = text.plist.xml; path = Info.plist; sourceTree = "<group>"; };
		F0B1BA1E29E83EB800AE2C70 /* PetitionModel.swift */ = {isa = PBXFileReference; lastKnownFileType = sourcecode.swift; path = PetitionModel.swift; sourceTree = "<group>"; };
		F0B1BA2029E8405100AE2C70 /* Petitions.swift */ = {isa = PBXFileReference; lastKnownFileType = sourcecode.swift; path = Petitions.swift; sourceTree = "<group>"; };
		F0B1BA2229E8483E00AE2C70 /* CustomTableViewCell.swift */ = {isa = PBXFileReference; lastKnownFileType = sourcecode.swift; path = CustomTableViewCell.swift; sourceTree = "<group>"; };
		F0B1BA2429E859DA00AE2C70 /* DetailViewController.swift */ = {isa = PBXFileReference; lastKnownFileType = sourcecode.swift; path = DetailViewController.swift; sourceTree = "<group>"; };
/* End PBXFileReference section */

/* Begin PBXFrameworksBuildPhase section */
		F0B1BA0429E81FFA00AE2C70 /* Frameworks */ = {
			isa = PBXFrameworksBuildPhase;
			buildActionMask = 2147483647;
			files = (
			);
			runOnlyForDeploymentPostprocessing = 0;
		};
/* End PBXFrameworksBuildPhase section */

/* Begin PBXGroup section */
		F0B1B9FE29E81FFA00AE2C70 = {
			isa = PBXGroup;
			children = (
				F0B1BA0929E81FFA00AE2C70 /* Project-07 */,
				F0B1BA0829E81FFA00AE2C70 /* Products */,
			);
			sourceTree = "<group>";
		};
		F0B1BA0829E81FFA00AE2C70 /* Products */ = {
			isa = PBXGroup;
			children = (
				F0B1BA0729E81FFA00AE2C70 /* Project-07.app */,
			);
			name = Products;
			sourceTree = "<group>";
		};
		F0B1BA0929E81FFA00AE2C70 /* Project-07 */ = {
			isa = PBXGroup;
			children = (
				F0B1BA0A29E81FFA00AE2C70 /* AppDelegate.swift */,
				F0B1BA0C29E81FFA00AE2C70 /* SceneDelegate.swift */,
				F0B1BA0E29E81FFA00AE2C70 /* ViewController.swift */,
				F0B1BA2429E859DA00AE2C70 /* DetailViewController.swift */,
				F0B1BA2229E8483E00AE2C70 /* CustomTableViewCell.swift */,
				F0B1BA1E29E83EB800AE2C70 /* PetitionModel.swift */,
				F0B1BA2029E8405100AE2C70 /* Petitions.swift */,
				F0B1BA1329E81FFB00AE2C70 /* Assets.xcassets */,
				F0B1BA1529E81FFB00AE2C70 /* LaunchScreen.storyboard */,
				F0B1BA1829E81FFB00AE2C70 /* Info.plist */,
			);
			path = "Project-07";
			sourceTree = "<group>";
		};
/* End PBXGroup section */

/* Begin PBXNativeTarget section */
		F0B1BA0629E81FFA00AE2C70 /* Project-07 */ = {
			isa = PBXNativeTarget;
			buildConfigurationList = F0B1BA1B29E81FFB00AE2C70 /* Build configuration list for PBXNativeTarget "Project-07" */;
			buildPhases = (
				F0B1BA0329E81FFA00AE2C70 /* Sources */,
				F0B1BA0429E81FFA00AE2C70 /* Frameworks */,
				F0B1BA0529E81FFA00AE2C70 /* Resources */,
			);
			buildRules = (
			);
			dependencies = (
			);
			name = "Project-07";
			productName = "Project-07";
			productReference = F0B1BA0729E81FFA00AE2C70 /* Project-07.app */;
			productType = "com.apple.product-type.application";
		};
/* End PBXNativeTarget section */

/* Begin PBXProject section */
		F0B1B9FF29E81FFA00AE2C70 /* Project object */ = {
			isa = PBXProject;
			attributes = {
				BuildIndependentTargetsInParallel = 1;
				LastSwiftUpdateCheck = 1420;
				LastUpgradeCheck = 1420;
				TargetAttributes = {
					F0B1BA0629E81FFA00AE2C70 = {
						CreatedOnToolsVersion = 14.2;
					};
				};
			};
			buildConfigurationList = F0B1BA0229E81FFA00AE2C70 /* Build configuration list for PBXProject "Project-07" */;
			compatibilityVersion = "Xcode 14.0";
			developmentRegion = en;
			hasScannedForEncodings = 0;
			knownRegions = (
				en,
				Base,
			);
			mainGroup = F0B1B9FE29E81FFA00AE2C70;
			productRefGroup = F0B1BA0829E81FFA00AE2C70 /* Products */;
			projectDirPath = "";
			projectRoot = "";
			targets = (
				F0B1BA0629E81FFA00AE2C70 /* Project-07 */,
			);
		};
/* End PBXProject section */

/* Begin PBXResourcesBuildPhase section */
		F0B1BA0529E81FFA00AE2C70 /* Resources */ = {
			isa = PBXResourcesBuildPhase;
			buildActionMask = 2147483647;
			files = (
				F0B1BA1729E81FFB00AE2C70 /* LaunchScreen.storyboard in Resources */,
				F0B1BA1429E81FFB00AE2C70 /* Assets.xcassets in Resources */,
			);
			runOnlyForDeploymentPostprocessing = 0;
		};
/* End PBXResourcesBuildPhase section */

/* Begin PBXSourcesBuildPhase section */
		F0B1BA0329E81FFA00AE2C70 /* Sources */ = {
			isa = PBXSourcesBuildPhase;
			buildActionMask = 2147483647;
			files = (
				F0B1BA2329E8483E00AE2C70 /* CustomTableViewCell.swift in Sources */,
				F0B1BA0F29E81FFA00AE2C70 /* ViewController.swift in Sources */,
				F0B1BA0B29E81FFA00AE2C70 /* AppDelegate.swift in Sources */,
				F0B1BA0D29E81FFA00AE2C70 /* SceneDelegate.swift in Sources */,
				F0B1BA1F29E83EB900AE2C70 /* PetitionModel.swift in Sources */,
				F0B1BA2129E8405100AE2C70 /* Petitions.swift in Sources */,
				F0B1BA2529E859DA00AE2C70 /* DetailViewController.swift in Sources */,
			);
			runOnlyForDeploymentPostprocessing = 0;
		};
/* End PBXSourcesBuildPhase section */

/* Begin PBXVariantGroup section */
		F0B1BA1529E81FFB00AE2C70 /* LaunchScreen.storyboard */ = {
			isa = PBXVariantGroup;
			children = (
				F0B1BA1629E81FFB00AE2C70 /* Base */,
			);
			name = LaunchScreen.storyboard;
			sourceTree = "<group>";
		};
/* End PBXVariantGroup section */

/* Begin XCBuildConfiguration section */
		F0B1BA1929E81FFB00AE2C70 /* Debug */ = {
			isa = XCBuildConfiguration;
			buildSettings = {
				ALWAYS_SEARCH_USER_PATHS = NO;
				CLANG_ANALYZER_NONNULL = YES;
				CLANG_ANALYZER_NUMBER_OBJECT_CONVERSION = YES_AGGRESSIVE;
				CLANG_CXX_LANGUAGE_STANDARD = "gnu++20";
				CLANG_ENABLE_MODULES = YES;
				CLANG_ENABLE_OBJC_ARC = YES;
				CLANG_ENABLE_OBJC_WEAK = YES;
				CLANG_WARN_BLOCK_CAPTURE_AUTORELEASING = YES;
				CLANG_WARN_BOOL_CONVERSION = YES;
				CLANG_WARN_COMMA = YES;
				CLANG_WARN_CONSTANT_CONVERSION = YES;
				CLANG_WARN_DEPRECATED_OBJC_IMPLEMENTATIONS = YES;
				CLANG_WARN_DIRECT_OBJC_ISA_USAGE = YES_ERROR;
				CLANG_WARN_DOCUMENTATION_COMMENTS = YES;
				CLANG_WARN_EMPTY_BODY = YES;
				CLANG_WARN_ENUM_CONVERSION = YES;
				CLANG_WARN_INFINITE_RECURSION = YES;
				CLANG_WARN_INT_CONVERSION = YES;
				CLANG_WARN_NON_LITERAL_NULL_CONVERSION = YES;
				CLANG_WARN_OBJC_IMPLICIT_RETAIN_SELF = YES;
				CLANG_WARN_OBJC_LITERAL_CONVERSION = YES;
				CLANG_WARN_OBJC_ROOT_CLASS = YES_ERROR;
				CLANG_WARN_QUOTED_INCLUDE_IN_FRAMEWORK_HEADER = YES;
				CLANG_WARN_RANGE_LOOP_ANALYSIS = YES;
				CLANG_WARN_STRICT_PROTOTYPES = YES;
				CLANG_WARN_SUSPICIOUS_MOVE = YES;
				CLANG_WARN_UNGUARDED_AVAILABILITY = YES_AGGRESSIVE;
				CLANG_WARN_UNREACHABLE_CODE = YES;
				CLANG_WARN__DUPLICATE_METHOD_MATCH = YES;
				COPY_PHASE_STRIP = NO;
				DEBUG_INFORMATION_FORMAT = dwarf;
				ENABLE_STRICT_OBJC_MSGSEND = YES;
				ENABLE_TESTABILITY = YES;
				GCC_C_LANGUAGE_STANDARD = gnu11;
				GCC_DYNAMIC_NO_PIC = NO;
				GCC_NO_COMMON_BLOCKS = YES;
				GCC_OPTIMIZATION_LEVEL = 0;
				GCC_PREPROCESSOR_DEFINITIONS = (
					"DEBUG=1",
					"$(inherited)",
				);
				GCC_WARN_64_TO_32_BIT_CONVERSION = YES;
				GCC_WARN_ABOUT_RETURN_TYPE = YES_ERROR;
				GCC_WARN_UNDECLARED_SELECTOR = YES;
				GCC_WARN_UNINITIALIZED_AUTOS = YES_AGGRESSIVE;
				GCC_WARN_UNUSED_FUNCTION = YES;
				GCC_WARN_UNUSED_VARIABLE = YES;
				IPHONEOS_DEPLOYMENT_TARGET = 16.2;
				MTL_ENABLE_DEBUG_INFO = INCLUDE_SOURCE;
				MTL_FAST_MATH = YES;
				ONLY_ACTIVE_ARCH = YES;
				SDKROOT = iphoneos;
				SWIFT_ACTIVE_COMPILATION_CONDITIONS = DEBUG;
				SWIFT_OPTIMIZATION_LEVEL = "-Onone";
			};
			name = Debug;
		};
		F0B1BA1A29E81FFB00AE2C70 /* Release */ = {
			isa = XCBuildConfiguration;
			buildSettings = {
				ALWAYS_SEARCH_USER_PATHS = NO;
				CLANG_ANALYZER_NONNULL = YES;
				CLANG_ANALYZER_NUMBER_OBJECT_CONVERSION = YES_AGGRESSIVE;
				CLANG_CXX_LANGUAGE_STANDARD = "gnu++20";
				CLANG_ENABLE_MODULES = YES;
				CLANG_ENABLE_OBJC_ARC = YES;
				CLANG_ENABLE_OBJC_WEAK = YES;
				CLANG_WARN_BLOCK_CAPTURE_AUTORELEASING = YES;
				CLANG_WARN_BOOL_CONVERSION = YES;
				CLANG_WARN_COMMA = YES;
				CLANG_WARN_CONSTANT_CONVERSION = YES;
				CLANG_WARN_DEPRECATED_OBJC_IMPLEMENTATIONS = YES;
				CLANG_WARN_DIRECT_OBJC_ISA_USAGE = YES_ERROR;
				CLANG_WARN_DOCUMENTATION_COMMENTS = YES;
				CLANG_WARN_EMPTY_BODY = YES;
				CLANG_WARN_ENUM_CONVERSION = YES;
				CLANG_WARN_INFINITE_RECURSION = YES;
				CLANG_WARN_INT_CONVERSION = YES;
				CLANG_WARN_NON_LITERAL_NULL_CONVERSION = YES;
				CLANG_WARN_OBJC_IMPLICIT_RETAIN_SELF = YES;
				CLANG_WARN_OBJC_LITERAL_CONVERSION = YES;
				CLANG_WARN_OBJC_ROOT_CLASS = YES_ERROR;
				CLANG_WARN_QUOTED_INCLUDE_IN_FRAMEWORK_HEADER = YES;
				CLANG_WARN_RANGE_LOOP_ANALYSIS = YES;
				CLANG_WARN_STRICT_PROTOTYPES = YES;
				CLANG_WARN_SUSPICIOUS_MOVE = YES;
				CLANG_WARN_UNGUARDED_AVAILABILITY = YES_AGGRESSIVE;
				CLANG_WARN_UNREACHABLE_CODE = YES;
				CLANG_WARN__DUPLICATE_METHOD_MATCH = YES;
				COPY_PHASE_STRIP = NO;
				DEBUG_INFORMATION_FORMAT = "dwarf-with-dsym";
				ENABLE_NS_ASSERTIONS = NO;
				ENABLE_STRICT_OBJC_MSGSEND = YES;
				GCC_C_LANGUAGE_STANDARD = gnu11;
				GCC_NO_COMMON_BLOCKS = YES;
				GCC_WARN_64_TO_32_BIT_CONVERSION = YES;
				GCC_WARN_ABOUT_RETURN_TYPE = YES_ERROR;
				GCC_WARN_UNDECLARED_SELECTOR = YES;
				GCC_WARN_UNINITIALIZED_AUTOS = YES_AGGRESSIVE;
				GCC_WARN_UNUSED_FUNCTION = YES;
				GCC_WARN_UNUSED_VARIABLE = YES;
				IPHONEOS_DEPLOYMENT_TARGET = 16.2;
				MTL_ENABLE_DEBUG_INFO = NO;
				MTL_FAST_MATH = YES;
				SDKROOT = iphoneos;
				SWIFT_COMPILATION_MODE = wholemodule;
				SWIFT_OPTIMIZATION_LEVEL = "-O";
				VALIDATE_PRODUCT = YES;
			};
			name = Release;
		};
		F0B1BA1C29E81FFB00AE2C70 /* Debug */ = {
			isa = XCBuildConfiguration;
			buildSettings = {
				ASSETCATALOG_COMPILER_APPICON_NAME = AppIcon;
				ASSETCATALOG_COMPILER_GLOBAL_ACCENT_COLOR_NAME = AccentColor;
				CODE_SIGN_STYLE = Automatic;
				CURRENT_PROJECT_VERSION = 1;
				DEVELOPMENT_TEAM = JF2T5HNS2H;
				GENERATE_INFOPLIST_FILE = YES;
				INFOPLIST_FILE = "Project-07/Info.plist";
				INFOPLIST_KEY_UIApplicationSupportsIndirectInputEvents = YES;
				INFOPLIST_KEY_UILaunchStoryboardName = LaunchScreen;
				INFOPLIST_KEY_UISupportedInterfaceOrientations_iPad = "UIInterfaceOrientationPortrait UIInterfaceOrientationPortraitUpsideDown UIInterfaceOrientationLandscapeLeft UIInterfaceOrientationLandscapeRight";
				INFOPLIST_KEY_UISupportedInterfaceOrientations_iPhone = "UIInterfaceOrientationPortrait UIInterfaceOrientationLandscapeLeft UIInterfaceOrientationLandscapeRight";
				LD_RUNPATH_SEARCH_PATHS = (
					"$(inherited)",
					"@executable_path/Frameworks",
				);
				MARKETING_VERSION = 1.0;
				PRODUCT_BUNDLE_IDENTIFIER = "com.kadirhankeles.Project-07";
				PRODUCT_NAME = "$(TARGET_NAME)";
				SWIFT_EMIT_LOC_STRINGS = YES;
				SWIFT_VERSION = 5.0;
				TARGETED_DEVICE_FAMILY = "1,2";
			};
			name = Debug;
		};
		F0B1BA1D29E81FFB00AE2C70 /* Release */ = {
			isa = XCBuildConfiguration;
			buildSettings = {
				ASSETCATALOG_COMPILER_APPICON_NAME = AppIcon;
				ASSETCATALOG_COMPILER_GLOBAL_ACCENT_COLOR_NAME = AccentColor;
				CODE_SIGN_STYLE = Automatic;
				CURRENT_PROJECT_VERSION = 1;
				DEVELOPMENT_TEAM = JF2T5HNS2H;
				GENERATE_INFOPLIST_FILE = YES;
				INFOPLIST_FILE = "Project-07/Info.plist";
				INFOPLIST_KEY_UIApplicationSupportsIndirectInputEvents = YES;
				INFOPLIST_KEY_UILaunchStoryboardName = LaunchScreen;
				INFOPLIST_KEY_UISupportedInterfaceOrientations_iPad = "UIInterfaceOrientationPortrait UIInterfaceOrientationPortraitUpsideDown UIInterfaceOrientationLandscapeLeft UIInterfaceOrientationLandscapeRight";
				INFOPLIST_KEY_UISupportedInterfaceOrientations_iPhone = "UIInterfaceOrientationPortrait UIInterfaceOrientationLandscapeLeft UIInterfaceOrientationLandscapeRight";
				LD_RUNPATH_SEARCH_PATHS = (
					"$(inherited)",
					"@executable_path/Frameworks",
				);
				MARKETING_VERSION = 1.0;
				PRODUCT_BUNDLE_IDENTIFIER = "com.kadirhankeles.Project-07";
				PRODUCT_NAME = "$(TARGET_NAME)";
				SWIFT_EMIT_LOC_STRINGS = YES;
				SWIFT_VERSION = 5.0;
				TARGETED_DEVICE_FAMILY = "1,2";
			};
			name = Release;
		};
/* End XCBuildConfiguration section */

/* Begin XCConfigurationList section */
		F0B1BA0229E81FFA00AE2C70 /* Build configuration list for PBXProject "Project-07" */ = {
			isa = XCConfigurationList;
			buildConfigurations = (
				F0B1BA1929E81FFB00AE2C70 /* Debug */,
				F0B1BA1A29E81FFB00AE2C70 /* Release */,
			);
			defaultConfigurationIsVisible = 0;
			defaultConfigurationName = Release;
		};
		F0B1BA1B29E81FFB00AE2C70 /* Build configuration list for PBXNativeTarget "Project-07" */ = {
			isa = XCConfigurationList;
			buildConfigurations = (
				F0B1BA1C29E81FFB00AE2C70 /* Debug */,
				F0B1BA1D29E81FFB00AE2C70 /* Release */,
			);
			defaultConfigurationIsVisible = 0;
			defaultConfigurationName = Release;
		};
/* End XCConfigurationList section */
	};
	rootObject = F0B1B9FF29E81FFA00AE2C70 /* Project object */;
}
