// !$*UTF8*$!
{
	archiveVersion = 1;
	classes = {
	};
	objectVersion = 56;
	objects = {

/* Begin PBXBuildFile section */
		F0F392DB29FBF5AC00D039DA /* DetailViewController.swift in Sources */ = {isa = PBXBuildFile; fileRef = F0F392DA29FBF5AC00D039DA /* DetailViewController.swift */; };
		F0FCDC9B29FA918E0049764E /* AppDelegate.swift in Sources */ = {isa = PBXBuildFile; fileRef = F0FCDC9A29FA918E0049764E /* AppDelegate.swift */; };
		F0FCDC9D29FA918E0049764E /* SceneDelegate.swift in Sources */ = {isa = PBXBuildFile; fileRef = F0FCDC9C29FA918E0049764E /* SceneDelegate.swift */; };
		F0FCDC9F29FA918E0049764E /* ViewController.swift in Sources */ = {isa = PBXBuildFile; fileRef = F0FCDC9E29FA918E0049764E /* ViewController.swift */; };
		F0FCDCA229FA918E0049764E /* Main.storyboard in Resources */ = {isa = PBXBuildFile; fileRef = F0FCDCA029FA918E0049764E /* Main.storyboard */; };
		F0FCDCA429FA918F0049764E /* Assets.xcassets in Resources */ = {isa = PBXBuildFile; fileRef = F0FCDCA329FA918F0049764E /* Assets.xcassets */; };
		F0FCDCA729FA918F0049764E /* LaunchScreen.storyboard in Resources */ = {isa = PBXBuildFile; fileRef = F0FCDCA529FA918F0049764E /* LaunchScreen.storyboard */; };
		F0FCDCAF29FA9F460049764E /* CustomPhoto.swift in Sources */ = {isa = PBXBuildFile; fileRef = F0FCDCAE29FA9F460049764E /* CustomPhoto.swift */; };
/* End PBXBuildFile section */

/* Begin PBXFileReference section */
		F0F392DA29FBF5AC00D039DA /* DetailViewController.swift */ = {isa = PBXFileReference; lastKnownFileType = sourcecode.swift; path = DetailViewController.swift; sourceTree = "<group>"; };
		F0FCDC9729FA918E0049764E /* Milestone Projects 10-12.app */ = {isa = PBXFileReference; explicitFileType = wrapper.application; includeInIndex = 0; path = "Milestone Projects 10-12.app"; sourceTree = BUILT_PRODUCTS_DIR; };
		F0FCDC9A29FA918E0049764E /* AppDelegate.swift */ = {isa = PBXFileReference; lastKnownFileType = sourcecode.swift; path = AppDelegate.swift; sourceTree = "<group>"; };
		F0FCDC9C29FA918E0049764E /* SceneDelegate.swift */ = {isa = PBXFileReference; lastKnownFileType = sourcecode.swift; path = SceneDelegate.swift; sourceTree = "<group>"; };
		F0FCDC9E29FA918E0049764E /* ViewController.swift */ = {isa = PBXFileReference; lastKnownFileType = sourcecode.swift; path = ViewController.swift; sourceTree = "<group>"; };
		F0FCDCA129FA918E0049764E /* Base */ = {isa = PBXFileReference; lastKnownFileType = file.storyboard; name = Base; path = Base.lproj/Main.storyboard; sourceTree = "<group>"; };
		F0FCDCA329FA918F0049764E /* Assets.xcassets */ = {isa = PBXFileReference; lastKnownFileType = folder.assetcatalog; path = Assets.xcassets; sourceTree = "<group>"; };
		F0FCDCA629FA918F0049764E /* Base */ = {isa = PBXFileReference; lastKnownFileType = file.storyboard; name = Base; path = Base.lproj/LaunchScreen.storyboard; sourceTree = "<group>"; };
		F0FCDCA829FA918F0049764E /* Info.plist */ = {isa = PBXFileReference; lastKnownFileType = text.plist.xml; path = Info.plist; sourceTree = "<group>"; };
		F0FCDCAE29FA9F460049764E /* CustomPhoto.swift */ = {isa = PBXFileReference; lastKnownFileType = sourcecode.swift; path = CustomPhoto.swift; sourceTree = "<group>"; };
/* End PBXFileReference section */

/* Begin PBXFrameworksBuildPhase section */
		F0FCDC9429FA918E0049764E /* Frameworks */ = {
			isa = PBXFrameworksBuildPhase;
			buildActionMask = 2147483647;
			files = (
			);
			runOnlyForDeploymentPostprocessing = 0;
		};
/* End PBXFrameworksBuildPhase section */

/* Begin PBXGroup section */
		F0FCDC8E29FA918E0049764E = {
			isa = PBXGroup;
			children = (
				F0FCDC9929FA918E0049764E /* Milestone Projects 10-12 */,
				F0FCDC9829FA918E0049764E /* Products */,
			);
			sourceTree = "<group>";
		};
		F0FCDC9829FA918E0049764E /* Products */ = {
			isa = PBXGroup;
			children = (
				F0FCDC9729FA918E0049764E /* Milestone Projects 10-12.app */,
			);
			name = Products;
			sourceTree = "<group>";
		};
		F0FCDC9929FA918E0049764E /* Milestone Projects 10-12 */ = {
			isa = PBXGroup;
			children = (
				F0FCDC9A29FA918E0049764E /* AppDelegate.swift */,
				F0FCDC9C29FA918E0049764E /* SceneDelegate.swift */,
				F0FCDC9E29FA918E0049764E /* ViewController.swift */,
				F0F392DA29FBF5AC00D039DA /* DetailViewController.swift */,
				F0FCDCAE29FA9F460049764E /* CustomPhoto.swift */,
				F0FCDCA029FA918E0049764E /* Main.storyboard */,
				F0FCDCA329FA918F0049764E /* Assets.xcassets */,
				F0FCDCA529FA918F0049764E /* LaunchScreen.storyboard */,
				F0FCDCA829FA918F0049764E /* Info.plist */,
			);
			path = "Milestone Projects 10-12";
			sourceTree = "<group>";
		};
/* End PBXGroup section */

/* Begin PBXNativeTarget section */
		F0FCDC9629FA918E0049764E /* Milestone Projects 10-12 */ = {
			isa = PBXNativeTarget;
			buildConfigurationList = F0FCDCAB29FA918F0049764E /* Build configuration list for PBXNativeTarget "Milestone Projects 10-12" */;
			buildPhases = (
				F0FCDC9329FA918E0049764E /* Sources */,
				F0FCDC9429FA918E0049764E /* Frameworks */,
				F0FCDC9529FA918E0049764E /* Resources */,
			);
			buildRules = (
			);
			dependencies = (
			);
			name = "Milestone Projects 10-12";
			productName = "Milestone Projects 10-12";
			productReference = F0FCDC9729FA918E0049764E /* Milestone Projects 10-12.app */;
			productType = "com.apple.product-type.application";
		};
/* End PBXNativeTarget section */

/* Begin PBXProject section */
		F0FCDC8F29FA918E0049764E /* Project object */ = {
			isa = PBXProject;
			attributes = {
				BuildIndependentTargetsInParallel = 1;
				LastSwiftUpdateCheck = 1420;
				LastUpgradeCheck = 1420;
				TargetAttributes = {
					F0FCDC9629FA918E0049764E = {
						CreatedOnToolsVersion = 14.2;
					};
				};
			};
			buildConfigurationList = F0FCDC9229FA918E0049764E /* Build configuration list for PBXProject "Milestone Projects 10-12" */;
			compatibilityVersion = "Xcode 14.0";
			developmentRegion = en;
			hasScannedForEncodings = 0;
			knownRegions = (
				en,
				Base,
			);
			mainGroup = F0FCDC8E29FA918E0049764E;
			productRefGroup = F0FCDC9829FA918E0049764E /* Products */;
			projectDirPath = "";
			projectRoot = "";
			targets = (
				F0FCDC9629FA918E0049764E /* Milestone Projects 10-12 */,
			);
		};
/* End PBXProject section */

/* Begin PBXResourcesBuildPhase section */
		F0FCDC9529FA918E0049764E /* Resources */ = {
			isa = PBXResourcesBuildPhase;
			buildActionMask = 2147483647;
			files = (
				F0FCDCA729FA918F0049764E /* LaunchScreen.storyboard in Resources */,
				F0FCDCA429FA918F0049764E /* Assets.xcassets in Resources */,
				F0FCDCA229FA918E0049764E /* Main.storyboard in Resources */,
			);
			runOnlyForDeploymentPostprocessing = 0;
		};
/* End PBXResourcesBuildPhase section */

/* Begin PBXSourcesBuildPhase section */
		F0FCDC9329FA918E0049764E /* Sources */ = {
			isa = PBXSourcesBuildPhase;
			buildActionMask = 2147483647;
			files = (
				F0FCDC9F29FA918E0049764E /* ViewController.swift in Sources */,
				F0FCDCAF29FA9F460049764E /* CustomPhoto.swift in Sources */,
				F0F392DB29FBF5AC00D039DA /* DetailViewController.swift in Sources */,
				F0FCDC9B29FA918E0049764E /* AppDelegate.swift in Sources */,
				F0FCDC9D29FA918E0049764E /* SceneDelegate.swift in Sources */,
			);
			runOnlyForDeploymentPostprocessing = 0;
		};
/* End PBXSourcesBuildPhase section */

/* Begin PBXVariantGroup section */
		F0FCDCA029FA918E0049764E /* Main.storyboard */ = {
			isa = PBXVariantGroup;
			children = (
				F0FCDCA129FA918E0049764E /* Base */,
			);
			name = Main.storyboard;
			sourceTree = "<group>";
		};
		F0FCDCA529FA918F0049764E /* LaunchScreen.storyboard */ = {
			isa = PBXVariantGroup;
			children = (
				F0FCDCA629FA918F0049764E /* Base */,
			);
			name = LaunchScreen.storyboard;
			sourceTree = "<group>";
		};
/* End PBXVariantGroup section */

/* Begin XCBuildConfiguration section */
		F0FCDCA929FA918F0049764E /* Debug */ = {
			isa = XCBuildConfiguration;
			buildSettings = {
				ALWAYS_SEARCH_USER_PATHS = NO;
				CLANG_ANALYZER_NONNULL = YES;
				CLANG_ANALYZER_NUMBER_OBJECT_CONVERSION = YES_AGGRESSIVE;
				CLANG_CXX_LANGUAGE_STANDARD = "gnu++20";
				CLANG_ENABLE_MODULES = YES;
				CLANG_ENABLE_OBJC_ARC = YES;
				CLANG_ENABLE_OBJC_WEAK = YES;
				CLANG_WARN_BLOCK_CAPTURE_AUTORELEASING = YES;
				CLANG_WARN_BOOL_CONVERSION = YES;
				CLANG_WARN_COMMA = YES;
				CLANG_WARN_CONSTANT_CONVERSION = YES;
				CLANG_WARN_DEPRECATED_OBJC_IMPLEMENTATIONS = YES;
				CLANG_WARN_DIRECT_OBJC_ISA_USAGE = YES_ERROR;
				CLANG_WARN_DOCUMENTATION_COMMENTS = YES;
				CLANG_WARN_EMPTY_BODY = YES;
				CLANG_WARN_ENUM_CONVERSION = YES;
				CLANG_WARN_INFINITE_RECURSION = YES;
				CLANG_WARN_INT_CONVERSION = YES;
				CLANG_WARN_NON_LITERAL_NULL_CONVERSION = YES;
				CLANG_WARN_OBJC_IMPLICIT_RETAIN_SELF = YES;
				CLANG_WARN_OBJC_LITERAL_CONVERSION = YES;
				CLANG_WARN_OBJC_ROOT_CLASS = YES_ERROR;
				CLANG_WARN_QUOTED_INCLUDE_IN_FRAMEWORK_HEADER = YES;
				CLANG_WARN_RANGE_LOOP_ANALYSIS = YES;
				CLANG_WARN_STRICT_PROTOTYPES = YES;
				CLANG_WARN_SUSPICIOUS_MOVE = YES;
				CLANG_WARN_UNGUARDED_AVAILABILITY = YES_AGGRESSIVE;
				CLANG_WARN_UNREACHABLE_CODE = YES;
				CLANG_WARN__DUPLICATE_METHOD_MATCH = YES;
				COPY_PHASE_STRIP = NO;
				DEBUG_INFORMATION_FORMAT = dwarf;
				ENABLE_STRICT_OBJC_MSGSEND = YES;
				ENABLE_TESTABILITY = YES;
				GCC_C_LANGUAGE_STANDARD = gnu11;
				GCC_DYNAMIC_NO_PIC = NO;
				GCC_NO_COMMON_BLOCKS = YES;
				GCC_OPTIMIZATION_LEVEL = 0;
				GCC_PREPROCESSOR_DEFINITIONS = (
					"DEBUG=1",
					"$(inherited)",
				);
				GCC_WARN_64_TO_32_BIT_CONVERSION = YES;
				GCC_WARN_ABOUT_RETURN_TYPE = YES_ERROR;
				GCC_WARN_UNDECLARED_SELECTOR = YES;
				GCC_WARN_UNINITIALIZED_AUTOS = YES_AGGRESSIVE;
				GCC_WARN_UNUSED_FUNCTION = YES;
				GCC_WARN_UNUSED_VARIABLE = YES;
				IPHONEOS_DEPLOYMENT_TARGET = 16.2;
				MTL_ENABLE_DEBUG_INFO = INCLUDE_SOURCE;
				MTL_FAST_MATH = YES;
				ONLY_ACTIVE_ARCH = YES;
				SDKROOT = iphoneos;
				SWIFT_ACTIVE_COMPILATION_CONDITIONS = DEBUG;
				SWIFT_OPTIMIZATION_LEVEL = "-Onone";
			};
			name = Debug;
		};
		F0FCDCAA29FA918F0049764E /* Release */ = {
			isa = XCBuildConfiguration;
			buildSettings = {
				ALWAYS_SEARCH_USER_PATHS = NO;
				CLANG_ANALYZER_NONNULL = YES;
				CLANG_ANALYZER_NUMBER_OBJECT_CONVERSION = YES_AGGRESSIVE;
				CLANG_CXX_LANGUAGE_STANDARD = "gnu++20";
				CLANG_ENABLE_MODULES = YES;
				CLANG_ENABLE_OBJC_ARC = YES;
				CLANG_ENABLE_OBJC_WEAK = YES;
				CLANG_WARN_BLOCK_CAPTURE_AUTORELEASING = YES;
				CLANG_WARN_BOOL_CONVERSION = YES;
				CLANG_WARN_COMMA = YES;
				CLANG_WARN_CONSTANT_CONVERSION = YES;
				CLANG_WARN_DEPRECATED_OBJC_IMPLEMENTATIONS = YES;
				CLANG_WARN_DIRECT_OBJC_ISA_USAGE = YES_ERROR;
				CLANG_WARN_DOCUMENTATION_COMMENTS = YES;
				CLANG_WARN_EMPTY_BODY = YES;
				CLANG_WARN_ENUM_CONVERSION = YES;
				CLANG_WARN_INFINITE_RECURSION = YES;
				CLANG_WARN_INT_CONVERSION = YES;
				CLANG_WARN_NON_LITERAL_NULL_CONVERSION = YES;
				CLANG_WARN_OBJC_IMPLICIT_RETAIN_SELF = YES;
				CLANG_WARN_OBJC_LITERAL_CONVERSION = YES;
				CLANG_WARN_OBJC_ROOT_CLASS = YES_ERROR;
				CLANG_WARN_QUOTED_INCLUDE_IN_FRAMEWORK_HEADER = YES;
				CLANG_WARN_RANGE_LOOP_ANALYSIS = YES;
				CLANG_WARN_STRICT_PROTOTYPES = YES;
				CLANG_WARN_SUSPICIOUS_MOVE = YES;
				CLANG_WARN_UNGUARDED_AVAILABILITY = YES_AGGRESSIVE;
				CLANG_WARN_UNREACHABLE_CODE = YES;
				CLANG_WARN__DUPLICATE_METHOD_MATCH = YES;
				COPY_PHASE_STRIP = NO;
				DEBUG_INFORMATION_FORMAT = "dwarf-with-dsym";
				ENABLE_NS_ASSERTIONS = NO;
				ENABLE_STRICT_OBJC_MSGSEND = YES;
				GCC_C_LANGUAGE_STANDARD = gnu11;
				GCC_NO_COMMON_BLOCKS = YES;
				GCC_WARN_64_TO_32_BIT_CONVERSION = YES;
				GCC_WARN_ABOUT_RETURN_TYPE = YES_ERROR;
				GCC_WARN_UNDECLARED_SELECTOR = YES;
				GCC_WARN_UNINITIALIZED_AUTOS = YES_AGGRESSIVE;
				GCC_WARN_UNUSED_FUNCTION = YES;
				GCC_WARN_UNUSED_VARIABLE = YES;
				IPHONEOS_DEPLOYMENT_TARGET = 16.2;
				MTL_ENABLE_DEBUG_INFO = NO;
				MTL_FAST_MATH = YES;
				SDKROOT = iphoneos;
				SWIFT_COMPILATION_MODE = wholemodule;
				SWIFT_OPTIMIZATION_LEVEL = "-O";
				VALIDATE_PRODUCT = YES;
			};
			name = Release;
		};
		F0FCDCAC29FA918F0049764E /* Debug */ = {
			isa = XCBuildConfiguration;
			buildSettings = {
				ASSETCATALOG_COMPILER_APPICON_NAME = AppIcon;
				ASSETCATALOG_COMPILER_GLOBAL_ACCENT_COLOR_NAME = AccentColor;
				CODE_SIGN_STYLE = Automatic;
				CURRENT_PROJECT_VERSION = 1;
				DEVELOPMENT_TEAM = JF2T5HNS2H;
				GENERATE_INFOPLIST_FILE = YES;
				INFOPLIST_FILE = "Milestone Projects 10-12/Info.plist";
				INFOPLIST_KEY_UIApplicationSupportsIndirectInputEvents = YES;
				INFOPLIST_KEY_UILaunchStoryboardName = LaunchScreen;
				INFOPLIST_KEY_UISupportedInterfaceOrientations_iPad = "UIInterfaceOrientationPortrait UIInterfaceOrientationPortraitUpsideDown UIInterfaceOrientationLandscapeLeft UIInterfaceOrientationLandscapeRight";
				INFOPLIST_KEY_UISupportedInterfaceOrientations_iPhone = "UIInterfaceOrientationPortrait UIInterfaceOrientationLandscapeLeft UIInterfaceOrientationLandscapeRight";
				LD_RUNPATH_SEARCH_PATHS = (
					"$(inherited)",
					"@executable_path/Frameworks",
				);
				MARKETING_VERSION = 1.0;
				PRODUCT_BUNDLE_IDENTIFIER = "com.kadirhankeles.Milestone-Projects-10-12";
				PRODUCT_NAME = "$(TARGET_NAME)";
				SWIFT_EMIT_LOC_STRINGS = YES;
				SWIFT_VERSION = 5.0;
				TARGETED_DEVICE_FAMILY = "1,2";
			};
			name = Debug;
		};
		F0FCDCAD29FA918F0049764E /* Release */ = {
			isa = XCBuildConfiguration;
			buildSettings = {
				ASSETCATALOG_COMPILER_APPICON_NAME = AppIcon;
				ASSETCATALOG_COMPILER_GLOBAL_ACCENT_COLOR_NAME = AccentColor;
				CODE_SIGN_STYLE = Automatic;
				CURRENT_PROJECT_VERSION = 1;
				DEVELOPMENT_TEAM = JF2T5HNS2H;
				GENERATE_INFOPLIST_FILE = YES;
				INFOPLIST_FILE = "Milestone Projects 10-12/Info.plist";
				INFOPLIST_KEY_UIApplicationSupportsIndirectInputEvents = YES;
				INFOPLIST_KEY_UILaunchStoryboardName = LaunchScreen;
				INFOPLIST_KEY_UISupportedInterfaceOrientations_iPad = "UIInterfaceOrientationPortrait UIInterfaceOrientationPortraitUpsideDown UIInterfaceOrientationLandscapeLeft UIInterfaceOrientationLandscapeRight";
				INFOPLIST_KEY_UISupportedInterfaceOrientations_iPhone = "UIInterfaceOrientationPortrait UIInterfaceOrientationLandscapeLeft UIInterfaceOrientationLandscapeRight";
				LD_RUNPATH_SEARCH_PATHS = (
					"$(inherited)",
					"@executable_path/Frameworks",
				);
				MARKETING_VERSION = 1.0;
				PRODUCT_BUNDLE_IDENTIFIER = "com.kadirhankeles.Milestone-Projects-10-12";
				PRODUCT_NAME = "$(TARGET_NAME)";
				SWIFT_EMIT_LOC_STRINGS = YES;
				SWIFT_VERSION = 5.0;
				TARGETED_DEVICE_FAMILY = "1,2";
			};
			name = Release;
		};
/* End XCBuildConfiguration section */

/* Begin XCConfigurationList section */
		F0FCDC9229FA918E0049764E /* Build configuration list for PBXProject "Milestone Projects 10-12" */ = {
			isa = XCConfigurationList;
			buildConfigurations = (
				F0FCDCA929FA918F0049764E /* Debug */,
				F0FCDCAA29FA918F0049764E /* Release */,
			);
			defaultConfigurationIsVisible = 0;
			defaultConfigurationName = Release;
		};
		F0FCDCAB29FA918F0049764E /* Build configuration list for PBXNativeTarget "Milestone Projects 10-12" */ = {
			isa = XCConfigurationList;
			buildConfigurations = (
				F0FCDCAC29FA918F0049764E /* Debug */,
				F0FCDCAD29FA918F0049764E /* Release */,
			);
			defaultConfigurationIsVisible = 0;
			defaultConfigurationName = Release;
		};
/* End XCConfigurationList section */
	};
	rootObject = F0FCDC8F29FA918E0049764E /* Project object */;
}
